{
  "object": {
    "pins": [
      {
        "package": "BogusApp-Common-Networking",
        "repositoryURL": "/Users/mariusjcb/Documents/Developer/BogusApp/Common/BogusApp-Common-Networking",
        "state": {
          "branch": "master",
          "revision": "6664a6a42a9d9c994449391cf84870c132a8124b",
          "version": null
        }
      },
      {
        "package": "BogusApp-Common-Utils",
        "repositoryURL": "/Users/mariusjcb/Documents/Developer/BogusApp/Common/BogusApp-Common-Utils",
        "state": {
          "branch": "master",
          "revision": "dd2bf88635a6ae44d607187709de43d7d0336203",
          "version": null
        }
      }
    ]
  },
  "version": 1
}
